Microsoft Visual Studio Solution File, Format Version 12.00
# Visual Studio 14
VisualStudioVersion = 14.0.25420.1
MinimumVisualStudioVersion = 10.0.40219.1
Project("{2150E333-8FDC-42A3-9474-1A3956D46DE8}") = "Solution Items", "Solution Items", "{84888A48-89A6-4EA3-90C1-FD07AC7369A3}"
	ProjectSection(SolutionItems) = preProject
		..\.gitignore = ..\.gitignore
		..\LICENSE.txt = ..\LICENSE.txt
		..\README.md = ..\README.md
	EndProjectSection
EndProject
Project("{FAE04EC0-301F-11D3-BF4B-00C04F79EFBC}") = "zzSlicer", "zzSlicer\zzSlicer.csproj", "{349FADBF-70CC-4384-B0D8-49E704B81E9D}"
EndProject
Global
	GlobalSection(SolutionConfigurationPlatforms) = preSolution
		Debug|Any CPU = Debug|Any CPU
		Release|Any CPU = Release|Any CPU
	EndGlobalSection
	GlobalSection(ProjectConfigurationPlatforms) = postSolution
		{349FADBF-70CC-4384-B0D8-49E704B81E9D}.Debug|Any CPU.ActiveCfg = Debug|Any CPU
		{349FADBF-70CC-4384-B0D8-49E704B81E9D}.Debug|Any CPU.Build.0 = Debug|Any CPU
		{349FADBF-70CC-4384-B0D8-49E704B81E9D}.Release|Any CPU.ActiveCfg = Release|Any CPU
		{349FADBF-70CC-4384-B0D8-49E704B81E9D}.Release|Any CPU.Build.0 = Release|Any CPU
	EndGlobalSection
	GlobalSection(SolutionProperties) = preSolution
		HideSolutionNode = FALSE
	EndGlobalSection
	GlobalSection(NestedProjects) = preSolution
		{349FADBF-70CC-4384-B0D8-49E704B81E9D} = {84888A48-89A6-4EA3-90C1-FD07AC7369A3}
	EndGlobalSection
EndGlobal
